// !$*UTF8*$!
{
	archiveVersion = 1;
	classes = {
	};
	objectVersion = 55;
	objects = {

/* Begin PBXBuildFile section */
		395B83CD272BEAD200C0510E /* RepositoriesApp.swift in Sources */ = {isa = PBXBuildFile; fileRef = 395B83CC272BEAD200C0510E /* RepositoriesApp.swift */; };
		395B83CF272BEAD200C0510E /* ContentView.swift in Sources */ = {isa = PBXBuildFile; fileRef = 395B83CE272BEAD200C0510E /* ContentView.swift */; };
		395B83D1272BEAD400C0510E /* Assets.xcassets in Resources */ = {isa = PBXBuildFile; fileRef = 395B83D0272BEAD400C0510E /* Assets.xcassets */; };
		395B83D4272BEAD400C0510E /* Preview Assets.xcassets in Resources */ = {isa = PBXBuildFile; fileRef = 395B83D3272BEAD400C0510E /* Preview Assets.xcassets */; };
		395B83E0272BF15300C0510E /* Repo.swift in Sources */ = {isa = PBXBuildFile; fileRef = 395B83DF272BF15300C0510E /* Repo.swift */; };
		395B83E2272BF99B00C0510E /* ReposApi.swift in Sources */ = {isa = PBXBuildFile; fileRef = 395B83E1272BF99B00C0510E /* ReposApi.swift */; };
		395B83E4272BF9FD00C0510E /* ReposService.swift in Sources */ = {isa = PBXBuildFile; fileRef = 395B83E3272BF9FD00C0510E /* ReposService.swift */; };
		395B83E6272C07D500C0510E /* ApiType.swift in Sources */ = {isa = PBXBuildFile; fileRef = 395B83E5272C07D500C0510E /* ApiType.swift */; };
		395B83E8272C08AA00C0510E /* NetworkManager.swift in Sources */ = {isa = PBXBuildFile; fileRef = 395B83E7272C08AA00C0510E /* NetworkManager.swift */; };
		395B83EF272C0AFE00C0510E /* JsonDecoder.swift in Sources */ = {isa = PBXBuildFile; fileRef = 395B83EE272C0AFE00C0510E /* JsonDecoder.swift */; };
		395B83F4272C0C0300C0510E /* DummyRepo.swift in Sources */ = {isa = PBXBuildFile; fileRef = 395B83F3272C0C0300C0510E /* DummyRepo.swift */; };
		395B83F6272C0E1300C0510E /* RepoCell.swift in Sources */ = {isa = PBXBuildFile; fileRef = 395B83F5272C0E1300C0510E /* RepoCell.swift */; };
		395B83F8272CDCA600C0510E /* RepoCellViewModel.swift in Sources */ = {isa = PBXBuildFile; fileRef = 395B83F7272CDCA600C0510E /* RepoCellViewModel.swift */; };
		395B83FA272CDE3B00C0510E /* RandomDate.swift in Sources */ = {isa = PBXBuildFile; fileRef = 395B83F9272CDE3B00C0510E /* RandomDate.swift */; };
		395B840F272CE37D00C0510E /* DateFormatter.swift in Sources */ = {isa = PBXBuildFile; fileRef = 395B840E272CE37D00C0510E /* DateFormatter.swift */; };
/* End PBXBuildFile section */

/* Begin PBXFileReference section */
		395B83C9272BEAD200C0510E /* Repositories.app */ = {isa = PBXFileReference; explicitFileType = wrapper.application; includeInIndex = 0; path = Repositories.app; sourceTree = BUILT_PRODUCTS_DIR; };
		395B83CC272BEAD200C0510E /* RepositoriesApp.swift */ = {isa = PBXFileReference; lastKnownFileType = sourcecode.swift; path = RepositoriesApp.swift; sourceTree = "<group>"; };
		395B83CE272BEAD200C0510E /* ContentView.swift */ = {isa = PBXFileReference; lastKnownFileType = sourcecode.swift; path = ContentView.swift; sourceTree = "<group>"; };
		395B83D0272BEAD400C0510E /* Assets.xcassets */ = {isa = PBXFileReference; lastKnownFileType = folder.assetcatalog; path = Assets.xcassets; sourceTree = "<group>"; };
		395B83D3272BEAD400C0510E /* Preview Assets.xcassets */ = {isa = PBXFileReference; lastKnownFileType = folder.assetcatalog; path = "Preview Assets.xcassets"; sourceTree = "<group>"; };
		395B83DF272BF15300C0510E /* Repo.swift */ = {isa = PBXFileReference; lastKnownFileType = sourcecode.swift; path = Repo.swift; sourceTree = "<group>"; };
		395B83E1272BF99B00C0510E /* ReposApi.swift */ = {isa = PBXFileReference; lastKnownFileType = sourcecode.swift; path = ReposApi.swift; sourceTree = "<group>"; };
		395B83E3272BF9FD00C0510E /* ReposService.swift */ = {isa = PBXFileReference; lastKnownFileType = sourcecode.swift; path = ReposService.swift; sourceTree = "<group>"; };
		395B83E5272C07D500C0510E /* ApiType.swift */ = {isa = PBXFileReference; lastKnownFileType = sourcecode.swift; path = ApiType.swift; sourceTree = "<group>"; };
		395B83E7272C08AA00C0510E /* NetworkManager.swift */ = {isa = PBXFileReference; lastKnownFileType = sourcecode.swift; path = NetworkManager.swift; sourceTree = "<group>"; };
		395B83EE272C0AFE00C0510E /* JsonDecoder.swift */ = {isa = PBXFileReference; lastKnownFileType = sourcecode.swift; path = JsonDecoder.swift; sourceTree = "<group>"; };
		395B83F3272C0C0300C0510E /* DummyRepo.swift */ = {isa = PBXFileReference; lastKnownFileType = sourcecode.swift; path = DummyRepo.swift; sourceTree = "<group>"; };
		395B83F5272C0E1300C0510E /* RepoCell.swift */ = {isa = PBXFileReference; lastKnownFileType = sourcecode.swift; path = RepoCell.swift; sourceTree = "<group>"; };
		395B83F7272CDCA600C0510E /* RepoCellViewModel.swift */ = {isa = PBXFileReference; lastKnownFileType = sourcecode.swift; path = RepoCellViewModel.swift; sourceTree = "<group>"; };
		395B83F9272CDE3B00C0510E /* RandomDate.swift */ = {isa = PBXFileReference; lastKnownFileType = sourcecode.swift; path = RandomDate.swift; sourceTree = "<group>"; };
		395B840E272CE37D00C0510E /* DateFormatter.swift */ = {isa = PBXFileReference; lastKnownFileType = sourcecode.swift; path = DateFormatter.swift; sourceTree = "<group>"; };
/* End PBXFileReference section */

/* Begin PBXFrameworksBuildPhase section */
		395B83C6272BEAD200C0510E /* Frameworks */ = {
			isa = PBXFrameworksBuildPhase;
			buildActionMask = 2147483647;
			files = (
			);
			runOnlyForDeploymentPostprocessing = 0;
		};
/* End PBXFrameworksBuildPhase section */

/* Begin PBXGroup section */
		395B83C0272BEAD200C0510E = {
			isa = PBXGroup;
			children = (
				395B83CB272BEAD200C0510E /* Repositories */,
				395B83CA272BEAD200C0510E /* Products */,
			);
			sourceTree = "<group>";
		};
		395B83CA272BEAD200C0510E /* Products */ = {
			isa = PBXGroup;
			children = (
				395B83C9272BEAD200C0510E /* Repositories.app */,
			);
			name = Products;
			sourceTree = "<group>";
		};
		395B83CB272BEAD200C0510E /* Repositories */ = {
			isa = PBXGroup;
			children = (
				395B83DA272BEF3A00C0510E /* Model */,
				395B83DD272BEF8A00C0510E /* View */,
				395B8410272D162A00C0510E /* View Model */,
				395B83DC272BEF4B00C0510E /* Network */,
				395B83DE272BEFB700C0510E /* Helpers */,
				395B83CC272BEAD200C0510E /* RepositoriesApp.swift */,
				395B83CE272BEAD200C0510E /* ContentView.swift */,
				395B83D0272BEAD400C0510E /* Assets.xcassets */,
				395B83D2272BEAD400C0510E /* Preview Content */,
			);
			path = Repositories;
			sourceTree = "<group>";
		};
		395B83D2272BEAD400C0510E /* Preview Content */ = {
			isa = PBXGroup;
			children = (
				395B83D3272BEAD400C0510E /* Preview Assets.xcassets */,
			);
			path = "Preview Content";
			sourceTree = "<group>";
		};
		395B83DA272BEF3A00C0510E /* Model */ = {
			isa = PBXGroup;
			children = (
				395B83F0272C0BC800C0510E /* Dummy Data */,
				395B83DF272BF15300C0510E /* Repo.swift */,
			);
			path = Model;
			sourceTree = "<group>";
		};
		395B83DC272BEF4B00C0510E /* Network */ = {
			isa = PBXGroup;
			children = (
				395B83E9272C08C700C0510E /* Api */,
				395B83EA272C08E300C0510E /* NetworkManager */,
			);
			path = Network;
			sourceTree = "<group>";
		};
		395B83DD272BEF8A00C0510E /* View */ = {
			isa = PBXGroup;
			children = (
				395B83F5272C0E1300C0510E /* RepoCell.swift */,
			);
			path = View;
			sourceTree = "<group>";
		};
		395B83DE272BEFB700C0510E /* Helpers */ = {
			isa = PBXGroup;
			children = (
				395B83EE272C0AFE00C0510E /* JsonDecoder.swift */,
				395B83F9272CDE3B00C0510E /* RandomDate.swift */,
				395B840E272CE37D00C0510E /* DateFormatter.swift */,
			);
			path = Helpers;
			sourceTree = "<group>";
		};
		395B83E9272C08C700C0510E /* Api */ = {
			isa = PBXGroup;
			children = (
				395B83E5272C07D500C0510E /* ApiType.swift */,
				395B83E1272BF99B00C0510E /* ReposApi.swift */,
			);
			path = Api;
			sourceTree = "<group>";
		};
		395B83EA272C08E300C0510E /* NetworkManager */ = {
			isa = PBXGroup;
			children = (
				395B83E7272C08AA00C0510E /* NetworkManager.swift */,
				395B83E3272BF9FD00C0510E /* ReposService.swift */,
			);
			path = NetworkManager;
			sourceTree = "<group>";
		};
		395B83F0272C0BC800C0510E /* Dummy Data */ = {
			isa = PBXGroup;
			children = (
				395B83F3272C0C0300C0510E /* DummyRepo.swift */,
			);
			path = "Dummy Data";
			sourceTree = "<group>";
		};
		395B8410272D162A00C0510E /* View Model */ = {
			isa = PBXGroup;
			children = (
				395B83F7272CDCA600C0510E /* RepoCellViewModel.swift */,
			);
			path = "View Model";
			sourceTree = "<group>";
		};
/* End PBXGroup section */

/* Begin PBXNativeTarget section */
		395B83C8272BEAD200C0510E /* Repositories */ = {
			isa = PBXNativeTarget;
			buildConfigurationList = 395B83D7272BEAD400C0510E /* Build configuration list for PBXNativeTarget "Repositories" */;
			buildPhases = (
				395B83C5272BEAD200C0510E /* Sources */,
				395B83C6272BEAD200C0510E /* Frameworks */,
				395B83C7272BEAD200C0510E /* Resources */,
			);
			buildRules = (
			);
			dependencies = (
			);
			name = Repositories;
			productName = Repositories;
			productReference = 395B83C9272BEAD200C0510E /* Repositories.app */;
			productType = "com.apple.product-type.application";
		};
/* End PBXNativeTarget section */

/* Begin PBXProject section */
		395B83C1272BEAD200C0510E /* Project object */ = {
			isa = PBXProject;
			attributes = {
				BuildIndependentTargetsInParallel = 1;
				LastSwiftUpdateCheck = 1310;
				LastUpgradeCheck = 1310;
				TargetAttributes = {
					395B83C8272BEAD200C0510E = {
						CreatedOnToolsVersion = 13.1;
					};
				};
			};
			buildConfigurationList = 395B83C4272BEAD200C0510E /* Build configuration list for PBXProject "Repositories" */;
			compatibilityVersion = "Xcode 13.0";
			developmentRegion = en;
			hasScannedForEncodings = 0;
			knownRegions = (
				en,
				Base,
			);
			mainGroup = 395B83C0272BEAD200C0510E;
			productRefGroup = 395B83CA272BEAD200C0510E /* Products */;
			projectDirPath = "";
			projectRoot = "";
			targets = (
				395B83C8272BEAD200C0510E /* Repositories */,
			);
		};
/* End PBXProject section */

/* Begin PBXResourcesBuildPhase section */
		395B83C7272BEAD200C0510E /* Resources */ = {
			isa = PBXResourcesBuildPhase;
			buildActionMask = 2147483647;
			files = (
				395B83D4272BEAD400C0510E /* Preview Assets.xcassets in Resources */,
				395B83D1272BEAD400C0510E /* Assets.xcassets in Resources */,
			);
			runOnlyForDeploymentPostprocessing = 0;
		};
/* End PBXResourcesBuildPhase section */

/* Begin PBXSourcesBuildPhase section */
		395B83C5272BEAD200C0510E /* Sources */ = {
			isa = PBXSourcesBuildPhase;
			buildActionMask = 2147483647;
			files = (
				395B83F4272C0C0300C0510E /* DummyRepo.swift in Sources */,
				395B83E6272C07D500C0510E /* ApiType.swift in Sources */,
				395B83E4272BF9FD00C0510E /* ReposService.swift in Sources */,
				395B83EF272C0AFE00C0510E /* JsonDecoder.swift in Sources */,
				395B840F272CE37D00C0510E /* DateFormatter.swift in Sources */,
				395B83E2272BF99B00C0510E /* ReposApi.swift in Sources */,
				395B83F6272C0E1300C0510E /* RepoCell.swift in Sources */,
				395B83FA272CDE3B00C0510E /* RandomDate.swift in Sources */,
				395B83E8272C08AA00C0510E /* NetworkManager.swift in Sources */,
				395B83F8272CDCA600C0510E /* RepoCellViewModel.swift in Sources */,
				395B83E0272BF15300C0510E /* Repo.swift in Sources */,
				395B83CF272BEAD200C0510E /* ContentView.swift in Sources */,
				395B83CD272BEAD200C0510E /* RepositoriesApp.swift in Sources */,
			);
			runOnlyForDeploymentPostprocessing = 0;
		};
/* End PBXSourcesBuildPhase section */

/* Begin XCBuildConfiguration section */
		395B83D5272BEAD400C0510E /* Debug */ = {
			isa = XCBuildConfiguration;
			buildSettings = {
				ALWAYS_SEARCH_USER_PATHS = NO;
				CLANG_ANALYZER_NONNULL = YES;
				CLANG_ANALYZER_NUMBER_OBJECT_CONVERSION = YES_AGGRESSIVE;
				CLANG_CXX_LANGUAGE_STANDARD = "gnu++17";
				CLANG_CXX_LIBRARY = "libc++";
				CLANG_ENABLE_MODULES = YES;
				CLANG_ENABLE_OBJC_ARC = YES;
				CLANG_ENABLE_OBJC_WEAK = YES;
				CLANG_WARN_BLOCK_CAPTURE_AUTORELEASING = YES;
				CLANG_WARN_BOOL_CONVERSION = YES;
				CLANG_WARN_COMMA = YES;
				CLANG_WARN_CONSTANT_CONVERSION = YES;
				CLANG_WARN_DEPRECATED_OBJC_IMPLEMENTATIONS = YES;
				CLANG_WARN_DIRECT_OBJC_ISA_USAGE = YES_ERROR;
				CLANG_WARN_DOCUMENTATION_COMMENTS = YES;
				CLANG_WARN_EMPTY_BODY = YES;
				CLANG_WARN_ENUM_CONVERSION = YES;
				CLANG_WARN_INFINITE_RECURSION = YES;
				CLANG_WARN_INT_CONVERSION = YES;
				CLANG_WARN_NON_LITERAL_NULL_CONVERSION = YES;
				CLANG_WARN_OBJC_IMPLICIT_RETAIN_SELF = YES;
				CLANG_WARN_OBJC_LITERAL_CONVERSION = YES;
				CLANG_WARN_OBJC_ROOT_CLASS = YES_ERROR;
				CLANG_WARN_QUOTED_INCLUDE_IN_FRAMEWORK_HEADER = YES;
				CLANG_WARN_RANGE_LOOP_ANALYSIS = YES;
				CLANG_WARN_STRICT_PROTOTYPES = YES;
				CLANG_WARN_SUSPICIOUS_MOVE = YES;
				CLANG_WARN_UNGUARDED_AVAILABILITY = YES_AGGRESSIVE;
				CLANG_WARN_UNREACHABLE_CODE = YES;
				CLANG_WARN__DUPLICATE_METHOD_MATCH = YES;
				COPY_PHASE_STRIP = NO;
				DEBUG_INFORMATION_FORMAT = dwarf;
				ENABLE_STRICT_OBJC_MSGSEND = YES;
				ENABLE_TESTABILITY = YES;
				GCC_C_LANGUAGE_STANDARD = gnu11;
				GCC_DYNAMIC_NO_PIC = NO;
				GCC_NO_COMMON_BLOCKS = YES;
				GCC_OPTIMIZATION_LEVEL = 0;
				GCC_PREPROCESSOR_DEFINITIONS = (
					"DEBUG=1",
					"$(inherited)",
				);
				GCC_WARN_64_TO_32_BIT_CONVERSION = YES;
				GCC_WARN_ABOUT_RETURN_TYPE = YES_ERROR;
				GCC_WARN_UNDECLARED_SELECTOR = YES;
				GCC_WARN_UNINITIALIZED_AUTOS = YES_AGGRESSIVE;
				GCC_WARN_UNUSED_FUNCTION = YES;
				GCC_WARN_UNUSED_VARIABLE = YES;
				IPHONEOS_DEPLOYMENT_TARGET = 15.0;
				MTL_ENABLE_DEBUG_INFO = INCLUDE_SOURCE;
				MTL_FAST_MATH = YES;
				ONLY_ACTIVE_ARCH = YES;
				SDKROOT = iphoneos;
				SWIFT_ACTIVE_COMPILATION_CONDITIONS = DEBUG;
				SWIFT_OPTIMIZATION_LEVEL = "-Onone";
			};
			name = Debug;
		};
		395B83D6272BEAD400C0510E /* Release */ = {
			isa = XCBuildConfiguration;
			buildSettings = {
				ALWAYS_SEARCH_USER_PATHS = NO;
				CLANG_ANALYZER_NONNULL = YES;
				CLANG_ANALYZER_NUMBER_OBJECT_CONVERSION = YES_AGGRESSIVE;
				CLANG_CXX_LANGUAGE_STANDARD = "gnu++17";
				CLANG_CXX_LIBRARY = "libc++";
				CLANG_ENABLE_MODULES = YES;
				CLANG_ENABLE_OBJC_ARC = YES;
				CLANG_ENABLE_OBJC_WEAK = YES;
				CLANG_WARN_BLOCK_CAPTURE_AUTORELEASING = YES;
				CLANG_WARN_BOOL_CONVERSION = YES;
				CLANG_WARN_COMMA = YES;
				CLANG_WARN_CONSTANT_CONVERSION = YES;
				CLANG_WARN_DEPRECATED_OBJC_IMPLEMENTATIONS = YES;
				CLANG_WARN_DIRECT_OBJC_ISA_USAGE = YES_ERROR;
				CLANG_WARN_DOCUMENTATION_COMMENTS = YES;
				CLANG_WARN_EMPTY_BODY = YES;
				CLANG_WARN_ENUM_CONVERSION = YES;
				CLANG_WARN_INFINITE_RECURSION = YES;
				CLANG_WARN_INT_CONVERSION = YES;
				CLANG_WARN_NON_LITERAL_NULL_CONVERSION = YES;
				CLANG_WARN_OBJC_IMPLICIT_RETAIN_SELF = YES;
				CLANG_WARN_OBJC_LITERAL_CONVERSION = YES;
				CLANG_WARN_OBJC_ROOT_CLASS = YES_ERROR;
				CLANG_WARN_QUOTED_INCLUDE_IN_FRAMEWORK_HEADER = YES;
				CLANG_WARN_RANGE_LOOP_ANALYSIS = YES;
				CLANG_WARN_STRICT_PROTOTYPES = YES;
				CLANG_WARN_SUSPICIOUS_MOVE = YES;
				CLANG_WARN_UNGUARDED_AVAILABILITY = YES_AGGRESSIVE;
				CLANG_WARN_UNREACHABLE_CODE = YES;
				CLANG_WARN__DUPLICATE_METHOD_MATCH = YES;
				COPY_PHASE_STRIP = NO;
				DEBUG_INFORMATION_FORMAT = "dwarf-with-dsym";
				ENABLE_NS_ASSERTIONS = NO;
				ENABLE_STRICT_OBJC_MSGSEND = YES;
				GCC_C_LANGUAGE_STANDARD = gnu11;
				GCC_NO_COMMON_BLOCKS = YES;
				GCC_WARN_64_TO_32_BIT_CONVERSION = YES;
				GCC_WARN_ABOUT_RETURN_TYPE = YES_ERROR;
				GCC_WARN_UNDECLARED_SELECTOR = YES;
				GCC_WARN_UNINITIALIZED_AUTOS = YES_AGGRESSIVE;
				GCC_WARN_UNUSED_FUNCTION = YES;
				GCC_WARN_UNUSED_VARIABLE = YES;
				IPHONEOS_DEPLOYMENT_TARGET = 15.0;
				MTL_ENABLE_DEBUG_INFO = NO;
				MTL_FAST_MATH = YES;
				SDKROOT = iphoneos;
				SWIFT_COMPILATION_MODE = wholemodule;
				SWIFT_OPTIMIZATION_LEVEL = "-O";
				VALIDATE_PRODUCT = YES;
			};
			name = Release;
		};
		395B83D8272BEAD400C0510E /* Debug */ = {
			isa = XCBuildConfiguration;
			buildSettings = {
				ASSETCATALOG_COMPILER_APPICON_NAME = AppIcon;
				ASSETCATALOG_COMPILER_GLOBAL_ACCENT_COLOR_NAME = AccentColor;
				CODE_SIGN_STYLE = Automatic;
				CURRENT_PROJECT_VERSION = 1;
				DEVELOPMENT_ASSET_PATHS = "\"Repositories/Preview Content\"";
				DEVELOPMENT_TEAM = 66END554YB;
				ENABLE_PREVIEWS = YES;
				GENERATE_INFOPLIST_FILE = YES;
				INFOPLIST_KEY_UIApplicationSceneManifest_Generation = YES;
				INFOPLIST_KEY_UIApplicationSupportsIndirectInputEvents = YES;
				INFOPLIST_KEY_UILaunchScreen_Generation = YES;
				INFOPLIST_KEY_UISupportedInterfaceOrientations_iPad = "UIInterfaceOrientationPortrait UIInterfaceOrientationPortraitUpsideDown UIInterfaceOrientationLandscapeLeft UIInterfaceOrientationLandscapeRight";
				INFOPLIST_KEY_UISupportedInterfaceOrientations_iPhone = "UIInterfaceOrientationPortrait UIInterfaceOrientationLandscapeLeft UIInterfaceOrientationLandscapeRight";
				LD_RUNPATH_SEARCH_PATHS = (
					"$(inherited)",
					"@executable_path/Frameworks",
				);
				MARKETING_VERSION = 1.0;
				PRODUCT_BUNDLE_IDENTIFIER = com.ahmadismail.Repositories;
				PRODUCT_NAME = "$(TARGET_NAME)";
				SWIFT_EMIT_LOC_STRINGS = YES;
				SWIFT_VERSION = 5.0;
				TARGETED_DEVICE_FAMILY = "1,2";
			};
			name = Debug;
		};
		395B83D9272BEAD400C0510E /* Release */ = {
			isa = XCBuildConfiguration;
			buildSettings = {
				ASSETCATALOG_COMPILER_APPICON_NAME = AppIcon;
				ASSETCATALOG_COMPILER_GLOBAL_ACCENT_COLOR_NAME = AccentColor;
				CODE_SIGN_STYLE = Automatic;
				CURRENT_PROJECT_VERSION = 1;
				DEVELOPMENT_ASSET_PATHS = "\"Repositories/Preview Content\"";
				DEVELOPMENT_TEAM = 66END554YB;
				ENABLE_PREVIEWS = YES;
				GENERATE_INFOPLIST_FILE = YES;
				INFOPLIST_KEY_UIApplicationSceneManifest_Generation = YES;
				INFOPLIST_KEY_UIApplicationSupportsIndirectInputEvents = YES;
				INFOPLIST_KEY_UILaunchScreen_Generation = YES;
				INFOPLIST_KEY_UISupportedInterfaceOrientations_iPad = "UIInterfaceOrientationPortrait UIInterfaceOrientationPortraitUpsideDown UIInterfaceOrientationLandscapeLeft UIInterfaceOrientationLandscapeRight";
				INFOPLIST_KEY_UISupportedInterfaceOrientations_iPhone = "UIInterfaceOrientationPortrait UIInterfaceOrientationLandscapeLeft UIInterfaceOrientationLandscapeRight";
				LD_RUNPATH_SEARCH_PATHS = (
					"$(inherited)",
					"@executable_path/Frameworks",
				);
				MARKETING_VERSION = 1.0;
				PRODUCT_BUNDLE_IDENTIFIER = com.ahmadismail.Repositories;
				PRODUCT_NAME = "$(TARGET_NAME)";
				SWIFT_EMIT_LOC_STRINGS = YES;
				SWIFT_VERSION = 5.0;
				TARGETED_DEVICE_FAMILY = "1,2";
			};
			name = Release;
		};
/* End XCBuildConfiguration section */

/* Begin XCConfigurationList section */
		395B83C4272BEAD200C0510E /* Build configuration list for PBXProject "Repositories" */ = {
			isa = XCConfigurationList;
			buildConfigurations = (
				395B83D5272BEAD400C0510E /* Debug */,
				395B83D6272BEAD400C0510E /* Release */,
			);
			defaultConfigurationIsVisible = 0;
			defaultConfigurationName = Release;
		};
		395B83D7272BEAD400C0510E /* Build configuration list for PBXNativeTarget "Repositories" */ = {
			isa = XCConfigurationList;
			buildConfigurations = (
				395B83D8272BEAD400C0510E /* Debug */,
				395B83D9272BEAD400C0510E /* Release */,
			);
			defaultConfigurationIsVisible = 0;
			defaultConfigurationName = Release;
		};
/* End XCConfigurationList section */
	};
	rootObject = 395B83C1272BEAD200C0510E /* Project object */;
}
